# This file is autogenerated, do not edit; changes may be undone by the next 'dep ensure'.


[[projects]]
  digest = "1:667f41be124637d8af08d9163be07cc718ae291bc590b6a91047c94b25ef0753"
  name = "github.com/davecgh/go-spew"
  packages = ["spew"]
  pruneopts = "UT"
  revision = "6d212800a42e8ab5c146b8ace3490ee17e5225f9"

[[projects]]
  digest = "1:95d919a0ead1ee36abd87a69b24e2035c156c340fe1947f96014769fcbcb1a77"
  name = "github.com/gorilla/context"
  packages = ["."]
  pruneopts = "UT"
  revision = "aed02d124ae4a0e94fea4541c8effd05bf0c8296"

[[projects]]
  digest = "1:d0adc574ec95f13903393d2bd8ddf030acfbe1f435de12c95310550f2fc835f3"
  name = "github.com/gorilla/mux"
  packages = ["."]
  pruneopts = "UT"
  revision = "9fa818a44c2bf1396a17f9d5a3c0f6dd39d2ff8e"

[[projects]]
  digest = "1:1ece32a0a35121d08405d9f5813ecd03ddc3906eb0afe0be75f81ea5ba3b5f40"
  name = "github.com/kelseyhightower/envconfig"
  packages = ["."]
  pruneopts = "UT"
  revision = "5c008110b20b657eb7e005b83d0a5f6aa6bb5f4b"

[[projects]]
  digest = "1:83641852d82eec67a034790cbe1504108f25a469693a06df66b71eecd60f0707"
  name = "github.com/mreiferson/go-snappystream"
  packages = [
    ".",
    "snappy-go",
  ]
  pruneopts = "UT"
  revision = "028eae7ab5c4c9e2d1cb4c4ca1e53259bbe7e504"
  version = "v0.2.3"

[[projects]]
  digest = "1:af45d38434510d078f5b024b682c622c102757d64eb5401326527e7b98600efd"
  name = "github.com/nsqio/go-nsq"
  packages = ["."]
  pruneopts = "UT"
  revision = "d71fb89c9e0263aaed89645b0b168e11ccf597b1"
  version = "v1.0.6"

[[projects]]
  digest = "1:0028cb19b2e4c3112225cd871870f2d9cf49b9b4276531f03438a88e94be86fe"
  name = "github.com/pmezard/go-difflib"
  packages = ["difflib"]
  pruneopts = "UT"
  revision = "792786c7400a136282c1664665ae0a8db921c6c2"
  version = "v1.0.0"

[[projects]]
  digest = "1:25f2747b063c0a656195ef85413cef8c9f2bbe128deab7d39563a6ca1e536070"
  name = "github.com/stretchr/testify"
  packages = ["assert"]
  pruneopts = "UT"
  revision = "69483b4bd14f5845b5a1e55bca19e954e827f1d0"
  version = "v1.1.4"

[[projects]]
  branch = "v1"
  digest = "1:3443b1423511a78a2108f907e8ab347e3e16db19b2ab6d3219d75d88839757c1"
  name = "gopkg.in/bsm/ratelimit.v1"
  packages = ["."]
  pruneopts = "UT"
  revision = "db14e161995a5177acef654cb0dd785e8ee8bc22"

[[projects]]
  digest = "1:e5ef7efcc6aed401ab897b098dd269b7eddeb5f923f611be2acf6c575981e459"
  name = "gopkg.in/redis.v3"
  packages = [
    ".",
    "internal",
    "internal/consistenthash",
    "internal/hashtag",
    "internal/pool",
  ]
  pruneopts = "UT"
  revision = "a905127dc89ca51a241eacf70757a40423ab93d0"
  version = "v3.6.3"

[solve-meta]
  analyzer-name = "dep"
  analyzer-version = 1
  input-imports = [
    "github.com/gorilla/mux",
    "github.com/kelseyhightower/envconfig",
    "github.com/nsqio/go-nsq",
    "github.com/stretchr/testify/assert",
    "gopkg.in/redis.v3",
  ]
  solver-name = "gps-cdcl"
  solver-version = 1
